
Microsoft Visual Studio Solution File, Format Version 12.00
# Visual Studio Version 16
VisualStudioVersion = 16.0.30611.23
MinimumVisualStudioVersion = 10.0.40219.1
Project("{9A19103F-16F7-4668-BE54-9A1E7A4F7556}") = "IteratorsAndComparators", "ConsoleApp1\IteratorsAndComparators.csproj", "{732837FE-04BC-4043-997D-D5F24D8D2D28}"
EndProject
Global
	GlobalSection(SolutionConfigurationPlatforms) = preSolution
		Debug|Any CPU = Debug|Any CPU
		Release|Any CPU = Release|Any CPU
	EndGlobalSection
	GlobalSection(ProjectConfigurationPlatforms) = postSolution
		{732837FE-04BC-4043-997D-D5F24D8D2D28}.Debug|Any CPU.ActiveCfg = Debug|Any CPU
		{732837FE-04BC-4043-997D-D5F24D8D2D28}.Debug|Any CPU.Build.0 = Debug|Any CPU
		{732837FE-04BC-4043-997D-D5F24D8D2D28}.Release|Any CPU.ActiveCfg = Release|Any CPU
		{732837FE-04BC-4043-997D-D5F24D8D2D28}.Release|Any CPU.Build.0 = Release|Any CPU
	EndGlobalSection
	GlobalSection(SolutionProperties) = preSolution
		HideSolutionNode = FALSE
	EndGlobalSection
	GlobalSection(ExtensibilityGlobals) = postSolution
		SolutionGuid = {4D46AABF-EB84-48B6-8575-E5F255D89043}
	EndGlobalSection
EndGlobal
